
Microsoft Visual Studio Solution File, Format Version 12.00
# Visual Studio Version 17
VisualStudioVersion = 17.0.31919.166
MinimumVisualStudioVersion = 10.0.40219.1
Project("{FAE04EC0-301F-11D3-BF4B-00C04F79EFBC}") = "SnakeController", "SnakeController.csproj", "{4390B8C3-055F-476C-BE1B-EBC135A3C462}"
EndProject
Global
	GlobalSection(SolutionConfigurationPlatforms) = preSolution
		Debug|Any CPU = Debug|Any CPU
		Release|Any CPU = Release|Any CPU
	EndGlobalSection
	GlobalSection(ProjectConfigurationPlatforms) = postSolution
		{4390B8C3-055F-476C-BE1B-EBC135A3C462}.Debug|Any CPU.ActiveCfg = Debug|Any CPU
		{4390B8C3-055F-476C-BE1B-EBC135A3C462}.Debug|Any CPU.Build.0 = Debug|Any CPU
		{4390B8C3-055F-476C-BE1B-EBC135A3C462}.Release|Any CPU.ActiveCfg = Release|Any CPU
		{4390B8C3-055F-476C-BE1B-EBC135A3C462}.Release|Any CPU.Build.0 = Release|Any CPU
	EndGlobalSection
	GlobalSection(SolutionProperties) = preSolution
		HideSolutionNode = FALSE
	EndGlobalSection
	GlobalSection(ExtensibilityGlobals) = postSolution
		SolutionGuid = {AE057A8E-290B-422D-B85A-F287FC74A5FB}
	EndGlobalSection
EndGlobal
